
Microsoft Visual Studio Solution File, Format Version 12.00
# Visual Studio Version 16
VisualStudioVersion = 16.0.29326.143
MinimumVisualStudioVersion = 10.0.40219.1
Project("{FAE04EC0-301F-11D3-BF4B-00C04F79EFBC}") = "gRain", "gRain\gRain.csproj", "{E0D44260-4BBB-486F-8E5F-33F25B24979E}"
EndProject
Global
	GlobalSection(SolutionConfigurationPlatforms) = preSolution
		Debug|Any CPU = Debug|Any CPU
		Release|Any CPU = Release|Any CPU
	EndGlobalSection
	GlobalSection(ProjectConfigurationPlatforms) = postSolution
		{E0D44260-4BBB-486F-8E5F-33F25B24979E}.Debug|Any CPU.ActiveCfg = Debug|Any CPU
		{E0D44260-4BBB-486F-8E5F-33F25B24979E}.Debug|Any CPU.Build.0 = Debug|Any CPU
		{E0D44260-4BBB-486F-8E5F-33F25B24979E}.Release|Any CPU.ActiveCfg = Release|Any CPU
		{E0D44260-4BBB-486F-8E5F-33F25B24979E}.Release|Any CPU.Build.0 = Release|Any CPU
	EndGlobalSection
	GlobalSection(SolutionProperties) = preSolution
		HideSolutionNode = FALSE
	EndGlobalSection
	GlobalSection(ExtensibilityGlobals) = postSolution
		SolutionGuid = {C352FE83-AEA6-4AFC-8935-75E8A35BDE2F}
	EndGlobalSection
EndGlobal
